lockfileVersion: '9.0'

settings:
  autoInstallPeers: true
  excludeLinksFromLockfile: false

importers:

  .:
    dependencies:
      gmaps-heatmap:
        specifier: ^1.0.2
        version: 1.0.2

packages:

  '@types/googlemaps@3.43.3':
    resolution: {integrity: sha512-ZWNoz/O8MPEpiajvj7QiqCY8tTLFNqNZ/a+s+zTV58wFVNAvvqV4bdGfnsjTb5Cs4V6wEsLrX8XRhmnyYJ2Tdg==}
    deprecated: 'Types for the Google Maps browser API have moved to @types/google.maps. Note: these types are not for the googlemaps npm package, which is a Node API.'

  gmaps-heatmap@1.0.2:
    resolution: {integrity: sha512-DcZmHAyZPgPRNcvCb0pytfstfTCjeXTrUKugILPgNMkI9FBWDZAronbpkV+1C+t+78e4YhURj9WX/qMVJDQftQ==}

  google-maps@4.3.3:
    resolution: {integrity: sha512-MQbEgBNQbGyV7mfS2tlFgW4EoGKLia24BvAl4a+kgsYWt4283kyPpaay/yKIsScQLr7nSUONaLNfOdMsCuJDEw==}

  heatmap.js@2.0.5:
    resolution: {integrity: sha512-CG2gYFP5Cv9IQCXEg3ZRxnJDyAilhWnQlAuHYGuWVzv6mFtQelS1bR9iN80IyDmFECbFPbg6I0LR5uAFHgCthw==}

snapshots:

  '@types/googlemaps@3.43.3': {}

  gmaps-heatmap@1.0.2:
    dependencies:
      google-maps: 4.3.3
      heatmap.js: 2.0.5

  google-maps@4.3.3:
    dependencies:
      '@types/googlemaps': 3.43.3

  heatmap.js@2.0.5: {}
